
Microsoft Visual Studio Solution File, Format Version 12.00
# Visual Studio Version 16
VisualStudioVersion = 16.0.30804.86
MinimumVisualStudioVersion = 10.0.40219.1
Project("{FAE04EC0-301F-11D3-BF4B-00C04F79EFBC}") = "Library", "Library\Library.csproj", "{29770E2C-EA2A-499D-B128-35144D708A6E}"
EndProject
Global
	GlobalSection(SolutionConfigurationPlatforms) = preSolution
		Debug|Any CPU = Debug|Any CPU
		Release|Any CPU = Release|Any CPU
	EndGlobalSection
	GlobalSection(ProjectConfigurationPlatforms) = postSolution
		{29770E2C-EA2A-499D-B128-35144D708A6E}.Debug|Any CPU.ActiveCfg = Debug|Any CPU
		{29770E2C-EA2A-499D-B128-35144D708A6E}.Debug|Any CPU.Build.0 = Debug|Any CPU
		{29770E2C-EA2A-499D-B128-35144D708A6E}.Release|Any CPU.ActiveCfg = Release|Any CPU
		{29770E2C-EA2A-499D-B128-35144D708A6E}.Release|Any CPU.Build.0 = Release|Any CPU
	EndGlobalSection
	GlobalSection(SolutionProperties) = preSolution
		HideSolutionNode = FALSE
	EndGlobalSection
	GlobalSection(ExtensibilityGlobals) = postSolution
		SolutionGuid = {B0812B66-1DD3-4051-B6E8-A0807770DB5C}
	EndGlobalSection
EndGlobal
